
Microsoft Visual Studio Solution File, Format Version 12.00
Project("{2150E333-8FDC-42A3-9474-1A3956D46DE8}") = "src", "src", "{5223BD7D-F0C4-451A-AAB2-222E15034BEE}"
EndProject
Project("{FAE04EC0-301F-11D3-BF4B-00C04F79EFBC}") = "Barracuda.Domain", "src\Barracuda.Domain\Barracuda.Domain.csproj", "{B8EE1EE1-7887-4A40-B64B-F72F892D3D75}"
EndProject
Project("{2150E333-8FDC-42A3-9474-1A3956D46DE8}") = "tests", "tests", "{F08CD5B1-AEF1-4EF2-9219-BE830C902963}"
EndProject
Project("{FAE04EC0-301F-11D3-BF4B-00C04F79EFBC}") = "Barracuda.WebApi", "src\Barracuda.WebApi\Barracuda.WebApi.csproj", "{A535035D-28A9-4D83-A075-D01D9D01BC5F}"
EndProject
Project("{FAE04EC0-301F-11D3-BF4B-00C04F79EFBC}") = "Barracuda.Core", "src\Barracuda.Core\Barracuda.Core.csproj", "{D2257CEE-BA84-44F3-9673-C7F9CEC66997}"
EndProject
Project("{FAE04EC0-301F-11D3-BF4B-00C04F79EFBC}") = "Barracuda.Application", "src\Barracuda.Application\Barracuda.Application.csproj", "{A0B988D0-D172-47C9-B6FF-4AF272336EDB}"
EndProject
Global
	GlobalSection(SolutionConfigurationPlatforms) = preSolution
		Debug|Any CPU = Debug|Any CPU
		Release|Any CPU = Release|Any CPU
	EndGlobalSection
	GlobalSection(ProjectConfigurationPlatforms) = postSolution
		{B8EE1EE1-7887-4A40-B64B-F72F892D3D75}.Debug|Any CPU.ActiveCfg = Debug|Any CPU
		{B8EE1EE1-7887-4A40-B64B-F72F892D3D75}.Debug|Any CPU.Build.0 = Debug|Any CPU
		{B8EE1EE1-7887-4A40-B64B-F72F892D3D75}.Release|Any CPU.ActiveCfg = Release|Any CPU
		{B8EE1EE1-7887-4A40-B64B-F72F892D3D75}.Release|Any CPU.Build.0 = Release|Any CPU
		{A535035D-28A9-4D83-A075-D01D9D01BC5F}.Debug|Any CPU.ActiveCfg = Debug|Any CPU
		{A535035D-28A9-4D83-A075-D01D9D01BC5F}.Debug|Any CPU.Build.0 = Debug|Any CPU
		{A535035D-28A9-4D83-A075-D01D9D01BC5F}.Release|Any CPU.ActiveCfg = Release|Any CPU
		{A535035D-28A9-4D83-A075-D01D9D01BC5F}.Release|Any CPU.Build.0 = Release|Any CPU
		{D2257CEE-BA84-44F3-9673-C7F9CEC66997}.Debug|Any CPU.ActiveCfg = Debug|Any CPU
		{D2257CEE-BA84-44F3-9673-C7F9CEC66997}.Debug|Any CPU.Build.0 = Debug|Any CPU
		{D2257CEE-BA84-44F3-9673-C7F9CEC66997}.Release|Any CPU.ActiveCfg = Release|Any CPU
		{D2257CEE-BA84-44F3-9673-C7F9CEC66997}.Release|Any CPU.Build.0 = Release|Any CPU
		{A0B988D0-D172-47C9-B6FF-4AF272336EDB}.Debug|Any CPU.ActiveCfg = Debug|Any CPU
		{A0B988D0-D172-47C9-B6FF-4AF272336EDB}.Debug|Any CPU.Build.0 = Debug|Any CPU
		{A0B988D0-D172-47C9-B6FF-4AF272336EDB}.Release|Any CPU.ActiveCfg = Release|Any CPU
		{A0B988D0-D172-47C9-B6FF-4AF272336EDB}.Release|Any CPU.Build.0 = Release|Any CPU
	EndGlobalSection
	GlobalSection(NestedProjects) = preSolution
		{B8EE1EE1-7887-4A40-B64B-F72F892D3D75} = {5223BD7D-F0C4-451A-AAB2-222E15034BEE}
		{A535035D-28A9-4D83-A075-D01D9D01BC5F} = {5223BD7D-F0C4-451A-AAB2-222E15034BEE}
		{D2257CEE-BA84-44F3-9673-C7F9CEC66997} = {5223BD7D-F0C4-451A-AAB2-222E15034BEE}
		{A0B988D0-D172-47C9-B6FF-4AF272336EDB} = {5223BD7D-F0C4-451A-AAB2-222E15034BEE}
	EndGlobalSection
EndGlobal
